{
  "originHash" : "89700d4abe07b41cf17448cfb24011662f1db9ec45ea823abaf86c5c0073433a",
  "pins" : [
    {
      "identity" : "markdownkit",
      "kind" : "remoteSourceControl",
      "location" : "https://github.com/bmoliveira/MarkdownKit.git",
      "state" : {
        "revision" : "39ea7a3fc7e65bcafe55152592b834859be574a5",
        "version" : "1.7.3"
      }
    }
  ],
  "version" : 3
}
